
Microsoft Visual Studio Solution File, Format Version 12.00
# Visual Studio Version 16
VisualStudioVersion = 16.0.31911.196
MinimumVisualStudioVersion = 10.0.40219.1
Project("{FAE04EC0-301F-11D3-BF4B-00C04F79EFBC}") = "My IMDB", "My IMDB\My IMDB.csproj", "{DA036073-D3C9-49C7-B064-AD35B27522D0}"
EndProject
Project("{54435603-DBB4-11D2-8724-00A0C9A8B90C}") = "Setup", "Setup\Setup.vdproj", "{093AB685-4C6E-4569-AAD8-699DBD5D260D}"
EndProject
Global
	GlobalSection(SolutionConfigurationPlatforms) = preSolution
		Debug|Any CPU = Debug|Any CPU
		Release|Any CPU = Release|Any CPU
	EndGlobalSection
	GlobalSection(ProjectConfigurationPlatforms) = postSolution
		{DA036073-D3C9-49C7-B064-AD35B27522D0}.Debug|Any CPU.ActiveCfg = Debug|Any CPU
		{DA036073-D3C9-49C7-B064-AD35B27522D0}.Debug|Any CPU.Build.0 = Debug|Any CPU
		{DA036073-D3C9-49C7-B064-AD35B27522D0}.Release|Any CPU.ActiveCfg = Release|Any CPU
		{DA036073-D3C9-49C7-B064-AD35B27522D0}.Release|Any CPU.Build.0 = Release|Any CPU
		{093AB685-4C6E-4569-AAD8-699DBD5D260D}.Debug|Any CPU.ActiveCfg = Debug
		{093AB685-4C6E-4569-AAD8-699DBD5D260D}.Release|Any CPU.ActiveCfg = Release
	EndGlobalSection
	GlobalSection(SolutionProperties) = preSolution
		HideSolutionNode = FALSE
	EndGlobalSection
	GlobalSection(ExtensibilityGlobals) = postSolution
		SolutionGuid = {5677CF46-E75D-434D-93D4-E8FFB8B9F827}
	EndGlobalSection
EndGlobal
